
Microsoft Visual Studio Solution File, Format Version 12.00
# Visual Studio Version 17
VisualStudioVersion = 17.0.31903.59
MinimumVisualStudioVersion = 10.0.40219.1
Project("{2150E333-8FDC-42A3-9474-1A3956D46DE8}") = "src", "src", "{0CC74B9A-F9B0-41EE-9740-60D1B3316BA2}"
EndProject
Project("{FAE04EC0-301F-11D3-BF4B-00C04F79EFBC}") = "Silla.Api", "src\Silla.Api\Silla.Api.csproj", "{C865E164-311F-462A-821F-F54AD4C00700}"
EndProject
Project("{FAE04EC0-301F-11D3-BF4B-00C04F79EFBC}") = "Silla.Web", "src\Silla.Web\Silla.Web.csproj", "{7AF3D9FA-DC4A-43BC-BA82-EDB8954C23A4}"
EndProject
Project("{FAE04EC0-301F-11D3-BF4B-00C04F79EFBC}") = "Silla.Shared", "src\Silla.Shared\Silla.Shared.csproj", "{E74F2159-AECE-4688-A87D-8300F80DDCF2}"
EndProject
Project("{FAE04EC0-301F-11D3-BF4B-00C04F79EFBC}") = "Silla.Export", "src\Silla.Export\Silla.Export.csproj", "{55945C8D-FE75-46F9-998A-B4D99B237DAC}"
EndProject
Project("{FAE04EC0-301F-11D3-BF4B-00C04F79EFBC}") = "Silla.Infrastructure", "src\Silla.Infrastructure\Silla.Infrastructure.csproj", "{11A85A96-A7B1-40D0-964A-FD2BA7F37249}"
EndProject
Global
	GlobalSection(SolutionConfigurationPlatforms) = preSolution
		Debug|Any CPU = Debug|Any CPU
		Release|Any CPU = Release|Any CPU
	EndGlobalSection
	GlobalSection(SolutionProperties) = preSolution
		HideSolutionNode = FALSE
	EndGlobalSection
	GlobalSection(ProjectConfigurationPlatforms) = postSolution
		{C865E164-311F-462A-821F-F54AD4C00700}.Debug|Any CPU.ActiveCfg = Debug|Any CPU
		{C865E164-311F-462A-821F-F54AD4C00700}.Debug|Any CPU.Build.0 = Debug|Any CPU
		{C865E164-311F-462A-821F-F54AD4C00700}.Release|Any CPU.ActiveCfg = Release|Any CPU
		{C865E164-311F-462A-821F-F54AD4C00700}.Release|Any CPU.Build.0 = Release|Any CPU
		{7AF3D9FA-DC4A-43BC-BA82-EDB8954C23A4}.Debug|Any CPU.ActiveCfg = Debug|Any CPU
		{7AF3D9FA-DC4A-43BC-BA82-EDB8954C23A4}.Debug|Any CPU.Build.0 = Debug|Any CPU
		{7AF3D9FA-DC4A-43BC-BA82-EDB8954C23A4}.Release|Any CPU.ActiveCfg = Release|Any CPU
		{7AF3D9FA-DC4A-43BC-BA82-EDB8954C23A4}.Release|Any CPU.Build.0 = Release|Any CPU
		{E74F2159-AECE-4688-A87D-8300F80DDCF2}.Debug|Any CPU.ActiveCfg = Debug|Any CPU
		{E74F2159-AECE-4688-A87D-8300F80DDCF2}.Debug|Any CPU.Build.0 = Debug|Any CPU
		{E74F2159-AECE-4688-A87D-8300F80DDCF2}.Release|Any CPU.ActiveCfg = Release|Any CPU
		{E74F2159-AECE-4688-A87D-8300F80DDCF2}.Release|Any CPU.Build.0 = Release|Any CPU
		{55945C8D-FE75-46F9-998A-B4D99B237DAC}.Debug|Any CPU.ActiveCfg = Debug|Any CPU
		{55945C8D-FE75-46F9-998A-B4D99B237DAC}.Debug|Any CPU.Build.0 = Debug|Any CPU
		{55945C8D-FE75-46F9-998A-B4D99B237DAC}.Release|Any CPU.ActiveCfg = Release|Any CPU
		{55945C8D-FE75-46F9-998A-B4D99B237DAC}.Release|Any CPU.Build.0 = Release|Any CPU
		{11A85A96-A7B1-40D0-964A-FD2BA7F37249}.Debug|Any CPU.ActiveCfg = Debug|Any CPU
		{11A85A96-A7B1-40D0-964A-FD2BA7F37249}.Debug|Any CPU.Build.0 = Debug|Any CPU
		{11A85A96-A7B1-40D0-964A-FD2BA7F37249}.Release|Any CPU.ActiveCfg = Release|Any CPU
		{11A85A96-A7B1-40D0-964A-FD2BA7F37249}.Release|Any CPU.Build.0 = Release|Any CPU
	EndGlobalSection
	GlobalSection(NestedProjects) = preSolution
		{C865E164-311F-462A-821F-F54AD4C00700} = {0CC74B9A-F9B0-41EE-9740-60D1B3316BA2}
		{7AF3D9FA-DC4A-43BC-BA82-EDB8954C23A4} = {0CC74B9A-F9B0-41EE-9740-60D1B3316BA2}
		{E74F2159-AECE-4688-A87D-8300F80DDCF2} = {0CC74B9A-F9B0-41EE-9740-60D1B3316BA2}
		{55945C8D-FE75-46F9-998A-B4D99B237DAC} = {0CC74B9A-F9B0-41EE-9740-60D1B3316BA2}
		{11A85A96-A7B1-40D0-964A-FD2BA7F37249} = {0CC74B9A-F9B0-41EE-9740-60D1B3316BA2}
	EndGlobalSection
EndGlobal
